
Microsoft Visual Studio Solution File, Format Version 12.00
# Visual Studio Version 17
VisualStudioVersion = 17.7.34031.279
MinimumVisualStudioVersion = 10.0.40219.1
Project("{FAE04EC0-301F-11D3-BF4B-00C04F79EFBC}") = "mie.era.mvc", "mie.era.mvc.csproj", "{B5745689-9BBF-44DC-8607-8F7ED8754A7A}"
EndProject
Global
	GlobalSection(SolutionConfigurationPlatforms) = preSolution
		Debug|Any CPU = Debug|Any CPU
		Release|Any CPU = Release|Any CPU
	EndGlobalSection
	GlobalSection(ProjectConfigurationPlatforms) = postSolution
		{B5745689-9BBF-44DC-8607-8F7ED8754A7A}.Debug|Any CPU.ActiveCfg = Debug|Any CPU
		{B5745689-9BBF-44DC-8607-8F7ED8754A7A}.Debug|Any CPU.Build.0 = Debug|Any CPU
		{B5745689-9BBF-44DC-8607-8F7ED8754A7A}.Release|Any CPU.ActiveCfg = Release|Any CPU
		{B5745689-9BBF-44DC-8607-8F7ED8754A7A}.Release|Any CPU.Build.0 = Release|Any CPU
	EndGlobalSection
	GlobalSection(SolutionProperties) = preSolution
		HideSolutionNode = FALSE
	EndGlobalSection
	GlobalSection(ExtensibilityGlobals) = postSolution
		SolutionGuid = {F44C061A-BF87-455B-97F1-B5C5FCC71AE7}
	EndGlobalSection
EndGlobal
